
Microsoft Visual Studio Solution File, Format Version 12.00
# Visual Studio 2013
VisualStudioVersion = 12.0.30501.0
MinimumVisualStudioVersion = 10.0.40219.1
Project("{FAE04EC0-301F-11D3-BF4B-00C04F79EFBC}") = "Bgts", "Bgts\Bgts.csproj", "{CA44F145-3EC7-45CC-B616-7DF6F7A32716}"
EndProject
Project("{2150E333-8FDC-42A3-9474-1A3956D46DE8}") = "BgtsAuth", "BgtsAuth", "{E3F43D7A-6D4D-4C40-A5CB-C6B518DF1E4C}"
EndProject
Project("{FAE04EC0-301F-11D3-BF4B-00C04F79EFBC}") = "Bgts.Auth.Application", "Bgts.Auth.Application\Bgts.Auth.Application.csproj", "{A51753FC-D14F-43DB-8A0F-4156C78786D1}"
EndProject
Project("{FAE04EC0-301F-11D3-BF4B-00C04F79EFBC}") = "Bgts.Auth.Core", "Bgts.Auth.Core\Bgts.Auth.Core.csproj", "{F9F101C4-8FAA-4F31-9BFF-5F22FD99CBC2}"
EndProject
Project("{FAE04EC0-301F-11D3-BF4B-00C04F79EFBC}") = "Bgts.Auth.EntityFramework", "Bgts.Auth.EntityFramework\Bgts.Auth.EntityFramework.csproj", "{1DFD18FD-0520-4475-9355-6E66E3798D5A}"
EndProject
Project("{FAE04EC0-301F-11D3-BF4B-00C04F79EFBC}") = "Bgts.Auth.TestBase", "Bgts.Auth.TestBase\Bgts.Auth.TestBase.csproj", "{A23611D5-AB4B-45A0-AEF8-3ACA67B474CB}"
EndProject
Project("{FAE04EC0-301F-11D3-BF4B-00C04F79EFBC}") = "Bgts.Auth.Tests", "Bgts.Auth.Tests\Bgts.Auth.Tests.csproj", "{7F0AE638-2772-445B-B198-6CF9D7E2C8AC}"
EndProject
Project("{2150E333-8FDC-42A3-9474-1A3956D46DE8}") = "BgtsGps", "BgtsGps", "{1C7DA286-1CCD-42C1-98A2-B6769FE1E361}"
EndProject
Project("{2150E333-8FDC-42A3-9474-1A3956D46DE8}") = ".nuget", ".nuget", "{18DC362B-8C43-4003-9FAE-B032DB5DB961}"
	ProjectSection(SolutionItems) = preProject
		.nuget\NuGet.Config = .nuget\NuGet.Config
		.nuget\NuGet.exe = .nuget\NuGet.exe
		.nuget\NuGet.targets = .nuget\NuGet.targets
	EndProjectSection
EndProject
Project("{FAE04EC0-301F-11D3-BF4B-00C04F79EFBC}") = "Bgts.Gps.Application", "Bgts.Gps.Application\Bgts.Gps.Application.csproj", "{825AC2EA-5725-4351-AA9D-E8ACDF32C9C3}"
EndProject
Project("{FAE04EC0-301F-11D3-BF4B-00C04F79EFBC}") = "Bgts.Gps.Core", "Bgts.Gps.Core\Bgts.Gps.Core.csproj", "{F1E79B63-6476-4416-84CA-F668FA664272}"
EndProject
Project("{FAE04EC0-301F-11D3-BF4B-00C04F79EFBC}") = "Bgts.Gps.EntityFramework", "Bgts.Gps.EntityFramework\Bgts.Gps.EntityFramework.csproj", "{50D4F63D-A57E-4153-998D-A823CC4CB99C}"
EndProject
Project("{FAE04EC0-301F-11D3-BF4B-00C04F79EFBC}") = "Bgts.Gps.Tests", "Bgts.Gps.Tests\Bgts.Gps.Tests.csproj", "{7DBA0F15-A49E-430E-A3AD-99574AF496B4}"
EndProject
Global
	GlobalSection(SolutionConfigurationPlatforms) = preSolution
		Debug|Any CPU = Debug|Any CPU
		Release|Any CPU = Release|Any CPU
	EndGlobalSection
	GlobalSection(ProjectConfigurationPlatforms) = postSolution
		{CA44F145-3EC7-45CC-B616-7DF6F7A32716}.Debug|Any CPU.ActiveCfg = Debug|Any CPU
		{CA44F145-3EC7-45CC-B616-7DF6F7A32716}.Debug|Any CPU.Build.0 = Debug|Any CPU
		{CA44F145-3EC7-45CC-B616-7DF6F7A32716}.Release|Any CPU.ActiveCfg = Release|Any CPU
		{CA44F145-3EC7-45CC-B616-7DF6F7A32716}.Release|Any CPU.Build.0 = Release|Any CPU
		{A51753FC-D14F-43DB-8A0F-4156C78786D1}.Debug|Any CPU.ActiveCfg = Debug|Any CPU
		{A51753FC-D14F-43DB-8A0F-4156C78786D1}.Debug|Any CPU.Build.0 = Debug|Any CPU
		{A51753FC-D14F-43DB-8A0F-4156C78786D1}.Release|Any CPU.ActiveCfg = Release|Any CPU
		{A51753FC-D14F-43DB-8A0F-4156C78786D1}.Release|Any CPU.Build.0 = Release|Any CPU
		{F9F101C4-8FAA-4F31-9BFF-5F22FD99CBC2}.Debug|Any CPU.ActiveCfg = Debug|Any CPU
		{F9F101C4-8FAA-4F31-9BFF-5F22FD99CBC2}.Debug|Any CPU.Build.0 = Debug|Any CPU
		{F9F101C4-8FAA-4F31-9BFF-5F22FD99CBC2}.Release|Any CPU.ActiveCfg = Release|Any CPU
		{F9F101C4-8FAA-4F31-9BFF-5F22FD99CBC2}.Release|Any CPU.Build.0 = Release|Any CPU
		{1DFD18FD-0520-4475-9355-6E66E3798D5A}.Debug|Any CPU.ActiveCfg = Debug|Any CPU
		{1DFD18FD-0520-4475-9355-6E66E3798D5A}.Debug|Any CPU.Build.0 = Debug|Any CPU
		{1DFD18FD-0520-4475-9355-6E66E3798D5A}.Release|Any CPU.ActiveCfg = Release|Any CPU
		{1DFD18FD-0520-4475-9355-6E66E3798D5A}.Release|Any CPU.Build.0 = Release|Any CPU
		{A23611D5-AB4B-45A0-AEF8-3ACA67B474CB}.Debug|Any CPU.ActiveCfg = Debug|Any CPU
		{A23611D5-AB4B-45A0-AEF8-3ACA67B474CB}.Debug|Any CPU.Build.0 = Debug|Any CPU
		{A23611D5-AB4B-45A0-AEF8-3ACA67B474CB}.Release|Any CPU.ActiveCfg = Release|Any CPU
		{A23611D5-AB4B-45A0-AEF8-3ACA67B474CB}.Release|Any CPU.Build.0 = Release|Any CPU
		{7F0AE638-2772-445B-B198-6CF9D7E2C8AC}.Debug|Any CPU.ActiveCfg = Debug|Any CPU
		{7F0AE638-2772-445B-B198-6CF9D7E2C8AC}.Debug|Any CPU.Build.0 = Debug|Any CPU
		{7F0AE638-2772-445B-B198-6CF9D7E2C8AC}.Release|Any CPU.ActiveCfg = Release|Any CPU
		{7F0AE638-2772-445B-B198-6CF9D7E2C8AC}.Release|Any CPU.Build.0 = Release|Any CPU
		{825AC2EA-5725-4351-AA9D-E8ACDF32C9C3}.Debug|Any CPU.ActiveCfg = Debug|Any CPU
		{825AC2EA-5725-4351-AA9D-E8ACDF32C9C3}.Debug|Any CPU.Build.0 = Debug|Any CPU
		{825AC2EA-5725-4351-AA9D-E8ACDF32C9C3}.Release|Any CPU.ActiveCfg = Release|Any CPU
		{825AC2EA-5725-4351-AA9D-E8ACDF32C9C3}.Release|Any CPU.Build.0 = Release|Any CPU
		{F1E79B63-6476-4416-84CA-F668FA664272}.Debug|Any CPU.ActiveCfg = Debug|Any CPU
		{F1E79B63-6476-4416-84CA-F668FA664272}.Debug|Any CPU.Build.0 = Debug|Any CPU
		{F1E79B63-6476-4416-84CA-F668FA664272}.Release|Any CPU.ActiveCfg = Release|Any CPU
		{F1E79B63-6476-4416-84CA-F668FA664272}.Release|Any CPU.Build.0 = Release|Any CPU
		{50D4F63D-A57E-4153-998D-A823CC4CB99C}.Debug|Any CPU.ActiveCfg = Debug|Any CPU
		{50D4F63D-A57E-4153-998D-A823CC4CB99C}.Debug|Any CPU.Build.0 = Debug|Any CPU
		{50D4F63D-A57E-4153-998D-A823CC4CB99C}.Release|Any CPU.ActiveCfg = Release|Any CPU
		{50D4F63D-A57E-4153-998D-A823CC4CB99C}.Release|Any CPU.Build.0 = Release|Any CPU
		{7DBA0F15-A49E-430E-A3AD-99574AF496B4}.Debug|Any CPU.ActiveCfg = Debug|Any CPU
		{7DBA0F15-A49E-430E-A3AD-99574AF496B4}.Debug|Any CPU.Build.0 = Debug|Any CPU
		{7DBA0F15-A49E-430E-A3AD-99574AF496B4}.Release|Any CPU.ActiveCfg = Release|Any CPU
		{7DBA0F15-A49E-430E-A3AD-99574AF496B4}.Release|Any CPU.Build.0 = Release|Any CPU
	EndGlobalSection
	GlobalSection(SolutionProperties) = preSolution
		HideSolutionNode = FALSE
	EndGlobalSection
	GlobalSection(NestedProjects) = preSolution
		{A51753FC-D14F-43DB-8A0F-4156C78786D1} = {E3F43D7A-6D4D-4C40-A5CB-C6B518DF1E4C}
		{F9F101C4-8FAA-4F31-9BFF-5F22FD99CBC2} = {E3F43D7A-6D4D-4C40-A5CB-C6B518DF1E4C}
		{1DFD18FD-0520-4475-9355-6E66E3798D5A} = {E3F43D7A-6D4D-4C40-A5CB-C6B518DF1E4C}
		{A23611D5-AB4B-45A0-AEF8-3ACA67B474CB} = {E3F43D7A-6D4D-4C40-A5CB-C6B518DF1E4C}
		{7F0AE638-2772-445B-B198-6CF9D7E2C8AC} = {E3F43D7A-6D4D-4C40-A5CB-C6B518DF1E4C}
		{825AC2EA-5725-4351-AA9D-E8ACDF32C9C3} = {1C7DA286-1CCD-42C1-98A2-B6769FE1E361}
		{F1E79B63-6476-4416-84CA-F668FA664272} = {1C7DA286-1CCD-42C1-98A2-B6769FE1E361}
		{50D4F63D-A57E-4153-998D-A823CC4CB99C} = {1C7DA286-1CCD-42C1-98A2-B6769FE1E361}
		{7DBA0F15-A49E-430E-A3AD-99574AF496B4} = {1C7DA286-1CCD-42C1-98A2-B6769FE1E361}
	EndGlobalSection
EndGlobal
